// !$*UTF8*$!
{
	archiveVersion = 1;
	classes = {
	};
	objectVersion = 56;
	objects = {

/* Begin PBXBuildFile section */
		4A322CDF293F9FB400BE69CF /* ChatAppDemoApp.swift in Sources */ = {isa = PBXBuildFile; fileRef = 4A322CDE293F9FB400BE69CF /* ChatAppDemoApp.swift */; };
		4A322CE1293F9FB400BE69CF /* ContentView.swift in Sources */ = {isa = PBXBuildFile; fileRef = 4A322CE0293F9FB400BE69CF /* ContentView.swift */; };
		4A322CE3293F9FB500BE69CF /* Assets.xcassets in Resources */ = {isa = PBXBuildFile; fileRef = 4A322CE2293F9FB500BE69CF /* Assets.xcassets */; };
		4A322CE6293F9FB500BE69CF /* Preview Assets.xcassets in Resources */ = {isa = PBXBuildFile; fileRef = 4A322CE5293F9FB500BE69CF /* Preview Assets.xcassets */; };
		4A322CEE293FA0DA00BE69CF /* TitleRow.swift in Sources */ = {isa = PBXBuildFile; fileRef = 4A322CED293FA0DA00BE69CF /* TitleRow.swift */; };
		4A322CF1293FA2EF00BE69CF /* Message.swift in Sources */ = {isa = PBXBuildFile; fileRef = 4A322CF0293FA2EF00BE69CF /* Message.swift */; };
		4A322CF3293FA34C00BE69CF /* MessageBubble.swift in Sources */ = {isa = PBXBuildFile; fileRef = 4A322CF2293FA34C00BE69CF /* MessageBubble.swift */; };
		4A322CF5293FA6F100BE69CF /* MessageField.swift in Sources */ = {isa = PBXBuildFile; fileRef = 4A322CF4293FA6F100BE69CF /* MessageField.swift */; };
		4A322CFC293FAB0300BE69CF /* FirebaseFirestore in Frameworks */ = {isa = PBXBuildFile; productRef = 4A322CFB293FAB0300BE69CF /* FirebaseFirestore */; };
		4A322CFE293FAB0300BE69CF /* FirebaseFirestoreSwift in Frameworks */ = {isa = PBXBuildFile; productRef = 4A322CFD293FAB0300BE69CF /* FirebaseFirestoreSwift */; };
		4A322D00293FAD4800BE69CF /* MessagesManager.swift in Sources */ = {isa = PBXBuildFile; fileRef = 4A322CFF293FAD4800BE69CF /* MessagesManager.swift */; };
		4A322D02293FAFA900BE69CF /* GoogleService-Info.plist in Resources */ = {isa = PBXBuildFile; fileRef = 4A322D01293FAFA900BE69CF /* GoogleService-Info.plist */; };
		4A322D04293FB14300BE69CF /* Extensions.swift in Sources */ = {isa = PBXBuildFile; fileRef = 4A322D03293FB14300BE69CF /* Extensions.swift */; };
/* End PBXBuildFile section */

/* Begin PBXFileReference section */
		4A322CDB293F9FB400BE69CF /* ChatAppDemo.app */ = {isa = PBXFileReference; explicitFileType = wrapper.application; includeInIndex = 0; path = ChatAppDemo.app; sourceTree = BUILT_PRODUCTS_DIR; };
		4A322CDE293F9FB400BE69CF /* ChatAppDemoApp.swift */ = {isa = PBXFileReference; lastKnownFileType = sourcecode.swift; path = ChatAppDemoApp.swift; sourceTree = "<group>"; };
		4A322CE0293F9FB400BE69CF /* ContentView.swift */ = {isa = PBXFileReference; lastKnownFileType = sourcecode.swift; path = ContentView.swift; sourceTree = "<group>"; };
		4A322CE2293F9FB500BE69CF /* Assets.xcassets */ = {isa = PBXFileReference; lastKnownFileType = folder.assetcatalog; path = Assets.xcassets; sourceTree = "<group>"; };
		4A322CE5293F9FB500BE69CF /* Preview Assets.xcassets */ = {isa = PBXFileReference; lastKnownFileType = folder.assetcatalog; path = "Preview Assets.xcassets"; sourceTree = "<group>"; };
		4A322CED293FA0DA00BE69CF /* TitleRow.swift */ = {isa = PBXFileReference; lastKnownFileType = sourcecode.swift; path = TitleRow.swift; sourceTree = "<group>"; };
		4A322CF0293FA2EF00BE69CF /* Message.swift */ = {isa = PBXFileReference; lastKnownFileType = sourcecode.swift; path = Message.swift; sourceTree = "<group>"; };
		4A322CF2293FA34C00BE69CF /* MessageBubble.swift */ = {isa = PBXFileReference; lastKnownFileType = sourcecode.swift; path = MessageBubble.swift; sourceTree = "<group>"; };
		4A322CF4293FA6F100BE69CF /* MessageField.swift */ = {isa = PBXFileReference; lastKnownFileType = sourcecode.swift; path = MessageField.swift; sourceTree = "<group>"; };
		4A322CFF293FAD4800BE69CF /* MessagesManager.swift */ = {isa = PBXFileReference; lastKnownFileType = sourcecode.swift; path = MessagesManager.swift; sourceTree = "<group>"; };
		4A322D01293FAFA900BE69CF /* GoogleService-Info.plist */ = {isa = PBXFileReference; fileEncoding = 4; lastKnownFileType = text.plist.xml; path = "GoogleService-Info.plist"; sourceTree = "<group>"; };
		4A322D03293FB14300BE69CF /* Extensions.swift */ = {isa = PBXFileReference; fileEncoding = 4; lastKnownFileType = sourcecode.swift; path = Extensions.swift; sourceTree = "<group>"; };
/* End PBXFileReference section */

/* Begin PBXFrameworksBuildPhase section */
		4A322CD8293F9FB400BE69CF /* Frameworks */ = {
			isa = PBXFrameworksBuildPhase;
			buildActionMask = 2147483647;
			files = (
				4A322CFC293FAB0300BE69CF /* FirebaseFirestore in Frameworks */,
				4A322CFE293FAB0300BE69CF /* FirebaseFirestoreSwift in Frameworks */,
			);
			runOnlyForDeploymentPostprocessing = 0;
		};
/* End PBXFrameworksBuildPhase section */

/* Begin PBXGroup section */
		4A322CD2293F9FB400BE69CF = {
			isa = PBXGroup;
			children = (
				4A322CDD293F9FB400BE69CF /* ChatAppDemo */,
				4A322CDC293F9FB400BE69CF /* Products */,
			);
			sourceTree = "<group>";
		};
		4A322CDC293F9FB400BE69CF /* Products */ = {
			isa = PBXGroup;
			children = (
				4A322CDB293F9FB400BE69CF /* ChatAppDemo.app */,
			);
			name = Products;
			sourceTree = "<group>";
		};
		4A322CDD293F9FB400BE69CF /* ChatAppDemo */ = {
			isa = PBXGroup;
			children = (
				4A322CDE293F9FB400BE69CF /* ChatAppDemoApp.swift */,
				4A322CE0293F9FB400BE69CF /* ContentView.swift */,
				4A322CFF293FAD4800BE69CF /* MessagesManager.swift */,
				4A322D03293FB14300BE69CF /* Extensions.swift */,
				4A322CEF293FA2E500BE69CF /* Models */,
				4A322CEC293FA0C900BE69CF /* Components */,
				4A322CE2293F9FB500BE69CF /* Assets.xcassets */,
				4A322D01293FAFA900BE69CF /* GoogleService-Info.plist */,
				4A322CE4293F9FB500BE69CF /* Preview Content */,
			);
			path = ChatAppDemo;
			sourceTree = "<group>";
		};
		4A322CE4293F9FB500BE69CF /* Preview Content */ = {
			isa = PBXGroup;
			children = (
				4A322CE5293F9FB500BE69CF /* Preview Assets.xcassets */,
			);
			path = "Preview Content";
			sourceTree = "<group>";
		};
		4A322CEC293FA0C900BE69CF /* Components */ = {
			isa = PBXGroup;
			children = (
				4A322CED293FA0DA00BE69CF /* TitleRow.swift */,
				4A322CF2293FA34C00BE69CF /* MessageBubble.swift */,
				4A322CF4293FA6F100BE69CF /* MessageField.swift */,
			);
			path = Components;
			sourceTree = "<group>";
		};
		4A322CEF293FA2E500BE69CF /* Models */ = {
			isa = PBXGroup;
			children = (
				4A322CF0293FA2EF00BE69CF /* Message.swift */,
			);
			path = Models;
			sourceTree = "<group>";
		};
/* End PBXGroup section */

/* Begin PBXNativeTarget section */
		4A322CDA293F9FB400BE69CF /* ChatAppDemo */ = {
			isa = PBXNativeTarget;
			buildConfigurationList = 4A322CE9293F9FB500BE69CF /* Build configuration list for PBXNativeTarget "ChatAppDemo" */;
			buildPhases = (
				4A322CD7293F9FB400BE69CF /* Sources */,
				4A322CD8293F9FB400BE69CF /* Frameworks */,
				4A322CD9293F9FB400BE69CF /* Resources */,
			);
			buildRules = (
			);
			dependencies = (
			);
			name = ChatAppDemo;
			packageProductDependencies = (
				4A322CFB293FAB0300BE69CF /* FirebaseFirestore */,
				4A322CFD293FAB0300BE69CF /* FirebaseFirestoreSwift */,
			);
			productName = ChatAppDemo;
			productReference = 4A322CDB293F9FB400BE69CF /* ChatAppDemo.app */;
			productType = "com.apple.product-type.application";
		};
/* End PBXNativeTarget section */

/* Begin PBXProject section */
		4A322CD3293F9FB400BE69CF /* Project object */ = {
			isa = PBXProject;
			attributes = {
				BuildIndependentTargetsInParallel = 1;
				LastSwiftUpdateCheck = 1410;
				LastUpgradeCheck = 1410;
				TargetAttributes = {
					4A322CDA293F9FB400BE69CF = {
						CreatedOnToolsVersion = 14.1;
					};
				};
			};
			buildConfigurationList = 4A322CD6293F9FB400BE69CF /* Build configuration list for PBXProject "ChatAppDemo" */;
			compatibilityVersion = "Xcode 14.0";
			developmentRegion = en;
			hasScannedForEncodings = 0;
			knownRegions = (
				en,
				Base,
			);
			mainGroup = 4A322CD2293F9FB400BE69CF;
			packageReferences = (
				4A322CFA293FAB0300BE69CF /* XCRemoteSwiftPackageReference "firebase-ios-sdk" */,
			);
			productRefGroup = 4A322CDC293F9FB400BE69CF /* Products */;
			projectDirPath = "";
			projectRoot = "";
			targets = (
				4A322CDA293F9FB400BE69CF /* ChatAppDemo */,
			);
		};
/* End PBXProject section */

/* Begin PBXResourcesBuildPhase section */
		4A322CD9293F9FB400BE69CF /* Resources */ = {
			isa = PBXResourcesBuildPhase;
			buildActionMask = 2147483647;
			files = (
				4A322CE6293F9FB500BE69CF /* Preview Assets.xcassets in Resources */,
				4A322D02293FAFA900BE69CF /* GoogleService-Info.plist in Resources */,
				4A322CE3293F9FB500BE69CF /* Assets.xcassets in Resources */,
			);
			runOnlyForDeploymentPostprocessing = 0;
		};
/* End PBXResourcesBuildPhase section */

/* Begin PBXSourcesBuildPhase section */
		4A322CD7293F9FB400BE69CF /* Sources */ = {
			isa = PBXSourcesBuildPhase;
			buildActionMask = 2147483647;
			files = (
				4A322CE1293F9FB400BE69CF /* ContentView.swift in Sources */,
				4A322CF1293FA2EF00BE69CF /* Message.swift in Sources */,
				4A322CF3293FA34C00BE69CF /* MessageBubble.swift in Sources */,
				4A322D04293FB14300BE69CF /* Extensions.swift in Sources */,
				4A322CDF293F9FB400BE69CF /* ChatAppDemoApp.swift in Sources */,
				4A322CF5293FA6F100BE69CF /* MessageField.swift in Sources */,
				4A322CEE293FA0DA00BE69CF /* TitleRow.swift in Sources */,
				4A322D00293FAD4800BE69CF /* MessagesManager.swift in Sources */,
			);
			runOnlyForDeploymentPostprocessing = 0;
		};
/* End PBXSourcesBuildPhase section */

/* Begin XCBuildConfiguration section */
		4A322CE7293F9FB500BE69CF /* Debug */ = {
			isa = XCBuildConfiguration;
			buildSettings = {
				ALWAYS_SEARCH_USER_PATHS = NO;
				CLANG_ANALYZER_NONNULL = YES;
				CLANG_ANALYZER_NUMBER_OBJECT_CONVERSION = YES_AGGRESSIVE;
				CLANG_CXX_LANGUAGE_STANDARD = "gnu++20";
				CLANG_ENABLE_MODULES = YES;
				CLANG_ENABLE_OBJC_ARC = YES;
				CLANG_ENABLE_OBJC_WEAK = YES;
				CLANG_WARN_BLOCK_CAPTURE_AUTORELEASING = YES;
				CLANG_WARN_BOOL_CONVERSION = YES;
				CLANG_WARN_COMMA = YES;
				CLANG_WARN_CONSTANT_CONVERSION = YES;
				CLANG_WARN_DEPRECATED_OBJC_IMPLEMENTATIONS = YES;
				CLANG_WARN_DIRECT_OBJC_ISA_USAGE = YES_ERROR;
				CLANG_WARN_DOCUMENTATION_COMMENTS = YES;
				CLANG_WARN_EMPTY_BODY = YES;
				CLANG_WARN_ENUM_CONVERSION = YES;
				CLANG_WARN_INFINITE_RECURSION = YES;
				CLANG_WARN_INT_CONVERSION = YES;
				CLANG_WARN_NON_LITERAL_NULL_CONVERSION = YES;
				CLANG_WARN_OBJC_IMPLICIT_RETAIN_SELF = YES;
				CLANG_WARN_OBJC_LITERAL_CONVERSION = YES;
				CLANG_WARN_OBJC_ROOT_CLASS = YES_ERROR;
				CLANG_WARN_QUOTED_INCLUDE_IN_FRAMEWORK_HEADER = YES;
				CLANG_WARN_RANGE_LOOP_ANALYSIS = YES;
				CLANG_WARN_STRICT_PROTOTYPES = YES;
				CLANG_WARN_SUSPICIOUS_MOVE = YES;
				CLANG_WARN_UNGUARDED_AVAILABILITY = YES_AGGRESSIVE;
				CLANG_WARN_UNREACHABLE_CODE = YES;
				CLANG_WARN__DUPLICATE_METHOD_MATCH = YES;
				COPY_PHASE_STRIP = NO;
				DEBUG_INFORMATION_FORMAT = dwarf;
				ENABLE_STRICT_OBJC_MSGSEND = YES;
				ENABLE_TESTABILITY = YES;
				GCC_C_LANGUAGE_STANDARD = gnu11;
				GCC_DYNAMIC_NO_PIC = NO;
				GCC_NO_COMMON_BLOCKS = YES;
				GCC_OPTIMIZATION_LEVEL = 0;
				GCC_PREPROCESSOR_DEFINITIONS = (
					"DEBUG=1",
					"$(inherited)",
				);
				GCC_WARN_64_TO_32_BIT_CONVERSION = YES;
				GCC_WARN_ABOUT_RETURN_TYPE = YES_ERROR;
				GCC_WARN_UNDECLARED_SELECTOR = YES;
				GCC_WARN_UNINITIALIZED_AUTOS = YES_AGGRESSIVE;
				GCC_WARN_UNUSED_FUNCTION = YES;
				GCC_WARN_UNUSED_VARIABLE = YES;
				IPHONEOS_DEPLOYMENT_TARGET = 16.1;
				MTL_ENABLE_DEBUG_INFO = INCLUDE_SOURCE;
				MTL_FAST_MATH = YES;
				ONLY_ACTIVE_ARCH = YES;
				SDKROOT = iphoneos;
				SWIFT_ACTIVE_COMPILATION_CONDITIONS = DEBUG;
				SWIFT_OPTIMIZATION_LEVEL = "-Onone";
			};
			name = Debug;
		};
		4A322CE8293F9FB500BE69CF /* Release */ = {
			isa = XCBuildConfiguration;
			buildSettings = {
				ALWAYS_SEARCH_USER_PATHS = NO;
				CLANG_ANALYZER_NONNULL = YES;
				CLANG_ANALYZER_NUMBER_OBJECT_CONVERSION = YES_AGGRESSIVE;
				CLANG_CXX_LANGUAGE_STANDARD = "gnu++20";
				CLANG_ENABLE_MODULES = YES;
				CLANG_ENABLE_OBJC_ARC = YES;
				CLANG_ENABLE_OBJC_WEAK = YES;
				CLANG_WARN_BLOCK_CAPTURE_AUTORELEASING = YES;
				CLANG_WARN_BOOL_CONVERSION = YES;
				CLANG_WARN_COMMA = YES;
				CLANG_WARN_CONSTANT_CONVERSION = YES;
				CLANG_WARN_DEPRECATED_OBJC_IMPLEMENTATIONS = YES;
				CLANG_WARN_DIRECT_OBJC_ISA_USAGE = YES_ERROR;
				CLANG_WARN_DOCUMENTATION_COMMENTS = YES;
				CLANG_WARN_EMPTY_BODY = YES;
				CLANG_WARN_ENUM_CONVERSION = YES;
				CLANG_WARN_INFINITE_RECURSION = YES;
				CLANG_WARN_INT_CONVERSION = YES;
				CLANG_WARN_NON_LITERAL_NULL_CONVERSION = YES;
				CLANG_WARN_OBJC_IMPLICIT_RETAIN_SELF = YES;
				CLANG_WARN_OBJC_LITERAL_CONVERSION = YES;
				CLANG_WARN_OBJC_ROOT_CLASS = YES_ERROR;
				CLANG_WARN_QUOTED_INCLUDE_IN_FRAMEWORK_HEADER = YES;
				CLANG_WARN_RANGE_LOOP_ANALYSIS = YES;
				CLANG_WARN_STRICT_PROTOTYPES = YES;
				CLANG_WARN_SUSPICIOUS_MOVE = YES;
				CLANG_WARN_UNGUARDED_AVAILABILITY = YES_AGGRESSIVE;
				CLANG_WARN_UNREACHABLE_CODE = YES;
				CLANG_WARN__DUPLICATE_METHOD_MATCH = YES;
				COPY_PHASE_STRIP = NO;
				DEBUG_INFORMATION_FORMAT = "dwarf-with-dsym";
				ENABLE_NS_ASSERTIONS = NO;
				ENABLE_STRICT_OBJC_MSGSEND = YES;
				GCC_C_LANGUAGE_STANDARD = gnu11;
				GCC_NO_COMMON_BLOCKS = YES;
				GCC_WARN_64_TO_32_BIT_CONVERSION = YES;
				GCC_WARN_ABOUT_RETURN_TYPE = YES_ERROR;
				GCC_WARN_UNDECLARED_SELECTOR = YES;
				GCC_WARN_UNINITIALIZED_AUTOS = YES_AGGRESSIVE;
				GCC_WARN_UNUSED_FUNCTION = YES;
				GCC_WARN_UNUSED_VARIABLE = YES;
				IPHONEOS_DEPLOYMENT_TARGET = 16.1;
				MTL_ENABLE_DEBUG_INFO = NO;
				MTL_FAST_MATH = YES;
				SDKROOT = iphoneos;
				SWIFT_COMPILATION_MODE = wholemodule;
				SWIFT_OPTIMIZATION_LEVEL = "-O";
				VALIDATE_PRODUCT = YES;
			};
			name = Release;
		};
		4A322CEA293F9FB500BE69CF /* Debug */ = {
			isa = XCBuildConfiguration;
			buildSettings = {
				ASSETCATALOG_COMPILER_APPICON_NAME = AppIcon;
				ASSETCATALOG_COMPILER_GLOBAL_ACCENT_COLOR_NAME = AccentColor;
				CODE_SIGN_STYLE = Automatic;
				CURRENT_PROJECT_VERSION = 1;
				DEVELOPMENT_ASSET_PATHS = "\"ChatAppDemo/Preview Content\"";
				DEVELOPMENT_TEAM = PMUCGBJYJT;
				ENABLE_PREVIEWS = YES;
				GENERATE_INFOPLIST_FILE = YES;
				INFOPLIST_KEY_UIApplicationSceneManifest_Generation = YES;
				INFOPLIST_KEY_UIApplicationSupportsIndirectInputEvents = YES;
				INFOPLIST_KEY_UILaunchScreen_Generation = YES;
				INFOPLIST_KEY_UISupportedInterfaceOrientations_iPad = "UIInterfaceOrientationPortrait UIInterfaceOrientationPortraitUpsideDown UIInterfaceOrientationLandscapeLeft UIInterfaceOrientationLandscapeRight";
				INFOPLIST_KEY_UISupportedInterfaceOrientations_iPhone = "UIInterfaceOrientationPortrait UIInterfaceOrientationLandscapeLeft UIInterfaceOrientationLandscapeRight";
				LD_RUNPATH_SEARCH_PATHS = (
					"$(inherited)",
					"@executable_path/Frameworks",
				);
				MARKETING_VERSION = 1.0;
				PRODUCT_BUNDLE_IDENTIFIER = com.venturelive.ChatAppDemo;
				PRODUCT_NAME = "$(TARGET_NAME)";
				SWIFT_EMIT_LOC_STRINGS = YES;
				SWIFT_VERSION = 5.0;
				TARGETED_DEVICE_FAMILY = "1,2";
			};
			name = Debug;
		};
		4A322CEB293F9FB500BE69CF /* Release */ = {
			isa = XCBuildConfiguration;
			buildSettings = {
				ASSETCATALOG_COMPILER_APPICON_NAME = AppIcon;
				ASSETCATALOG_COMPILER_GLOBAL_ACCENT_COLOR_NAME = AccentColor;
				CODE_SIGN_STYLE = Automatic;
				CURRENT_PROJECT_VERSION = 1;
				DEVELOPMENT_ASSET_PATHS = "\"ChatAppDemo/Preview Content\"";
				DEVELOPMENT_TEAM = PMUCGBJYJT;
				ENABLE_PREVIEWS = YES;
				GENERATE_INFOPLIST_FILE = YES;
				INFOPLIST_KEY_UIApplicationSceneManifest_Generation = YES;
				INFOPLIST_KEY_UIApplicationSupportsIndirectInputEvents = YES;
				INFOPLIST_KEY_UILaunchScreen_Generation = YES;
				INFOPLIST_KEY_UISupportedInterfaceOrientations_iPad = "UIInterfaceOrientationPortrait UIInterfaceOrientationPortraitUpsideDown UIInterfaceOrientationLandscapeLeft UIInterfaceOrientationLandscapeRight";
				INFOPLIST_KEY_UISupportedInterfaceOrientations_iPhone = "UIInterfaceOrientationPortrait UIInterfaceOrientationLandscapeLeft UIInterfaceOrientationLandscapeRight";
				LD_RUNPATH_SEARCH_PATHS = (
					"$(inherited)",
					"@executable_path/Frameworks",
				);
				MARKETING_VERSION = 1.0;
				PRODUCT_BUNDLE_IDENTIFIER = com.venturelive.ChatAppDemo;
				PRODUCT_NAME = "$(TARGET_NAME)";
				SWIFT_EMIT_LOC_STRINGS = YES;
				SWIFT_VERSION = 5.0;
				TARGETED_DEVICE_FAMILY = "1,2";
			};
			name = Release;
		};
/* End XCBuildConfiguration section */

/* Begin XCConfigurationList section */
		4A322CD6293F9FB400BE69CF /* Build configuration list for PBXProject "ChatAppDemo" */ = {
			isa = XCConfigurationList;
			buildConfigurations = (
				4A322CE7293F9FB500BE69CF /* Debug */,
				4A322CE8293F9FB500BE69CF /* Release */,
			);
			defaultConfigurationIsVisible = 0;
			defaultConfigurationName = Release;
		};
		4A322CE9293F9FB500BE69CF /* Build configuration list for PBXNativeTarget "ChatAppDemo" */ = {
			isa = XCConfigurationList;
			buildConfigurations = (
				4A322CEA293F9FB500BE69CF /* Debug */,
				4A322CEB293F9FB500BE69CF /* Release */,
			);
			defaultConfigurationIsVisible = 0;
			defaultConfigurationName = Release;
		};
/* End XCConfigurationList section */

/* Begin XCRemoteSwiftPackageReference section */
		4A322CFA293FAB0300BE69CF /* XCRemoteSwiftPackageReference "firebase-ios-sdk" */ = {
			isa = XCRemoteSwiftPackageReference;
			repositoryURL = "https://github.com/firebase/firebase-ios-sdk";
			requirement = {
				kind = upToNextMajorVersion;
				minimumVersion = 9.0.0;
			};
		};
/* End XCRemoteSwiftPackageReference section */

/* Begin XCSwiftPackageProductDependency section */
		4A322CFB293FAB0300BE69CF /* FirebaseFirestore */ = {
			isa = XCSwiftPackageProductDependency;
			package = 4A322CFA293FAB0300BE69CF /* XCRemoteSwiftPackageReference "firebase-ios-sdk" */;
			productName = FirebaseFirestore;
		};
		4A322CFD293FAB0300BE69CF /* FirebaseFirestoreSwift */ = {
			isa = XCSwiftPackageProductDependency;
			package = 4A322CFA293FAB0300BE69CF /* XCRemoteSwiftPackageReference "firebase-ios-sdk" */;
			productName = FirebaseFirestoreSwift;
		};
/* End XCSwiftPackageProductDependency section */
	};
	rootObject = 4A322CD3293F9FB400BE69CF /* Project object */;
}
